
Microsoft Visual Studio Solution File, Format Version 12.00
# Visual Studio 15
VisualStudioVersion = 15.0.27004.2010
MinimumVisualStudioVersion = 10.0.40219.1
Project("{9A19103F-16F7-4668-BE54-9A1E7A4F7556}") = "Chaos.NaCl", "src\Chaos.NaCl\Chaos.NaCl.csproj", "{B46EFEF0-C3A8-4036-AF84-1FFF6E3BF06D}"
EndProject
Project("{9A19103F-16F7-4668-BE54-9A1E7A4F7556}") = "Ripple.Core", "src\Ripple.Core\Ripple.Core.csproj", "{05D075DA-B4A9-422D-84F5-D7C19E390D12}"
EndProject
Project("{2150E333-8FDC-42A3-9474-1A3956D46DE8}") = "Tests", "Tests", "{3667999F-1C33-429A-A993-E24D835051BA}"
EndProject
Project("{9A19103F-16F7-4668-BE54-9A1E7A4F7556}") = "Ripple.Address.Tests", "test\Ripple.Address.Tests\Ripple.Address.Tests.csproj", "{71C44EA7-EA40-4F48-859F-EE4520C738A9}"
EndProject
Project("{9A19103F-16F7-4668-BE54-9A1E7A4F7556}") = "Ripple.Core.Tests", "test\Ripple.Core.Tests\Ripple.Core.Tests.csproj", "{75AAB24C-DCB0-4C27-85C2-A94C41BA396F}"
EndProject
Project("{9A19103F-16F7-4668-BE54-9A1E7A4F7556}") = "Ripple.Signing.Tests", "test\Ripple.Signing.Tests\Ripple.Signing.Tests.csproj", "{51FADCAC-5888-4B02-AB0D-BFDDCE396B81}"
EndProject
Project("{9A19103F-16F7-4668-BE54-9A1E7A4F7556}") = "Ripple.TxSigning.Tests", "test\Ripple.TxSigning.Tests\Ripple.TxSigning.Tests.csproj", "{FBA070B8-0606-49C2-8940-D2F228F51940}"
EndProject
Global
	GlobalSection(SolutionConfigurationPlatforms) = preSolution
		Debug|Any CPU = Debug|Any CPU
		Release|Any CPU = Release|Any CPU
	EndGlobalSection
	GlobalSection(ProjectConfigurationPlatforms) = postSolution
		{B46EFEF0-C3A8-4036-AF84-1FFF6E3BF06D}.Debug|Any CPU.ActiveCfg = Debug|Any CPU
		{B46EFEF0-C3A8-4036-AF84-1FFF6E3BF06D}.Debug|Any CPU.Build.0 = Debug|Any CPU
		{B46EFEF0-C3A8-4036-AF84-1FFF6E3BF06D}.Release|Any CPU.ActiveCfg = Release|Any CPU
		{B46EFEF0-C3A8-4036-AF84-1FFF6E3BF06D}.Release|Any CPU.Build.0 = Release|Any CPU
		{05D075DA-B4A9-422D-84F5-D7C19E390D12}.Debug|Any CPU.ActiveCfg = Debug|Any CPU
		{05D075DA-B4A9-422D-84F5-D7C19E390D12}.Debug|Any CPU.Build.0 = Debug|Any CPU
		{05D075DA-B4A9-422D-84F5-D7C19E390D12}.Release|Any CPU.ActiveCfg = Release|Any CPU
		{05D075DA-B4A9-422D-84F5-D7C19E390D12}.Release|Any CPU.Build.0 = Release|Any CPU
		{71C44EA7-EA40-4F48-859F-EE4520C738A9}.Debug|Any CPU.ActiveCfg = Debug|Any CPU
		{71C44EA7-EA40-4F48-859F-EE4520C738A9}.Debug|Any CPU.Build.0 = Debug|Any CPU
		{71C44EA7-EA40-4F48-859F-EE4520C738A9}.Release|Any CPU.ActiveCfg = Release|Any CPU
		{71C44EA7-EA40-4F48-859F-EE4520C738A9}.Release|Any CPU.Build.0 = Release|Any CPU
		{75AAB24C-DCB0-4C27-85C2-A94C41BA396F}.Debug|Any CPU.ActiveCfg = Debug|Any CPU
		{75AAB24C-DCB0-4C27-85C2-A94C41BA396F}.Debug|Any CPU.Build.0 = Debug|Any CPU
		{75AAB24C-DCB0-4C27-85C2-A94C41BA396F}.Release|Any CPU.ActiveCfg = Release|Any CPU
		{75AAB24C-DCB0-4C27-85C2-A94C41BA396F}.Release|Any CPU.Build.0 = Release|Any CPU
		{51FADCAC-5888-4B02-AB0D-BFDDCE396B81}.Debug|Any CPU.ActiveCfg = Debug|Any CPU
		{51FADCAC-5888-4B02-AB0D-BFDDCE396B81}.Debug|Any CPU.Build.0 = Debug|Any CPU
		{51FADCAC-5888-4B02-AB0D-BFDDCE396B81}.Release|Any CPU.ActiveCfg = Release|Any CPU
		{51FADCAC-5888-4B02-AB0D-BFDDCE396B81}.Release|Any CPU.Build.0 = Release|Any CPU
		{FBA070B8-0606-49C2-8940-D2F228F51940}.Debug|Any CPU.ActiveCfg = Debug|Any CPU
		{FBA070B8-0606-49C2-8940-D2F228F51940}.Debug|Any CPU.Build.0 = Debug|Any CPU
		{FBA070B8-0606-49C2-8940-D2F228F51940}.Release|Any CPU.ActiveCfg = Release|Any CPU
		{FBA070B8-0606-49C2-8940-D2F228F51940}.Release|Any CPU.Build.0 = Release|Any CPU
	EndGlobalSection
	GlobalSection(SolutionProperties) = preSolution
		HideSolutionNode = FALSE
	EndGlobalSection
	GlobalSection(NestedProjects) = preSolution
		{71C44EA7-EA40-4F48-859F-EE4520C738A9} = {3667999F-1C33-429A-A993-E24D835051BA}
		{75AAB24C-DCB0-4C27-85C2-A94C41BA396F} = {3667999F-1C33-429A-A993-E24D835051BA}
		{51FADCAC-5888-4B02-AB0D-BFDDCE396B81} = {3667999F-1C33-429A-A993-E24D835051BA}
		{FBA070B8-0606-49C2-8940-D2F228F51940} = {3667999F-1C33-429A-A993-E24D835051BA}
	EndGlobalSection
	GlobalSection(ExtensibilityGlobals) = postSolution
		SolutionGuid = {AB6D75AC-11B8-4195-B9C7-D48E396D84A9}
	EndGlobalSection
EndGlobal
